
Microsoft Visual Studio Solution File, Format Version 12.00
# Visual Studio Version 17
VisualStudioVersion = 17.0.31903.59
MinimumVisualStudioVersion = 15.0.26124.0
Project("{2150E333-8FDC-42A3-9474-1A3956D46DE8}") = "docs", "docs", "{D47B2321-1997-4846-A623-32296A76091D}"
	ProjectSection(SolutionItems) = preProject
		README.md = README.md
	EndProjectSection
EndProject
Project("{9A19103F-16F7-4668-BE54-9A1E7A4F7556}") = "FreeSql.Cloud", "src\FreeSql.Cloud\FreeSql.Cloud.csproj", "{61C51D8C-D741-4100-BD28-7F79D3EF9142}"
EndProject
Project("{2150E333-8FDC-42A3-9474-1A3956D46DE8}") = "examples", "examples", "{12598115-AC36-430B-98D7-3C27D29201D7}"
EndProject
Project("{9A19103F-16F7-4668-BE54-9A1E7A4F7556}") = "net60_tcc_saga", "examples\net60_tcc_saga\net60_tcc_saga.csproj", "{FC24BF68-B403-4943-A696-6BC74C4D696A}"
EndProject
Project("{FAE04EC0-301F-11D3-BF4B-00C04F79EFBC}") = "net40_tcc_saga", "examples\net40_tcc_saga\net40_tcc_saga.csproj", "{5DE53692-4AE5-4DA5-B2ED-2FA9AEA06AA0}"
EndProject
Project("{9A19103F-16F7-4668-BE54-9A1E7A4F7556}") = "netcore31_tcc_saga", "examples\netcore31_tcc_saga\netcore31_tcc_saga.csproj", "{82D6631D-A5D1-4AA6-B326-13376B6CB7D4}"
EndProject
Project("{FAE04EC0-301F-11D3-BF4B-00C04F79EFBC}") = "net60_webapi", "examples\net60_webapi\net60_webapi.csproj", "{10029FBE-B53F-4E08-9C8B-0C15545A4DB9}"
EndProject
Global
	GlobalSection(SolutionConfigurationPlatforms) = preSolution
		Debug|Any CPU = Debug|Any CPU
		Release|Any CPU = Release|Any CPU
	EndGlobalSection
	GlobalSection(ProjectConfigurationPlatforms) = postSolution
		{61C51D8C-D741-4100-BD28-7F79D3EF9142}.Debug|Any CPU.ActiveCfg = Debug|Any CPU
		{61C51D8C-D741-4100-BD28-7F79D3EF9142}.Debug|Any CPU.Build.0 = Debug|Any CPU
		{61C51D8C-D741-4100-BD28-7F79D3EF9142}.Release|Any CPU.ActiveCfg = Release|Any CPU
		{61C51D8C-D741-4100-BD28-7F79D3EF9142}.Release|Any CPU.Build.0 = Release|Any CPU
		{FC24BF68-B403-4943-A696-6BC74C4D696A}.Debug|Any CPU.ActiveCfg = Debug|Any CPU
		{FC24BF68-B403-4943-A696-6BC74C4D696A}.Debug|Any CPU.Build.0 = Debug|Any CPU
		{FC24BF68-B403-4943-A696-6BC74C4D696A}.Release|Any CPU.ActiveCfg = Release|Any CPU
		{FC24BF68-B403-4943-A696-6BC74C4D696A}.Release|Any CPU.Build.0 = Release|Any CPU
		{5DE53692-4AE5-4DA5-B2ED-2FA9AEA06AA0}.Debug|Any CPU.ActiveCfg = Debug|Any CPU
		{5DE53692-4AE5-4DA5-B2ED-2FA9AEA06AA0}.Debug|Any CPU.Build.0 = Debug|Any CPU
		{5DE53692-4AE5-4DA5-B2ED-2FA9AEA06AA0}.Release|Any CPU.ActiveCfg = Release|Any CPU
		{5DE53692-4AE5-4DA5-B2ED-2FA9AEA06AA0}.Release|Any CPU.Build.0 = Release|Any CPU
		{82D6631D-A5D1-4AA6-B326-13376B6CB7D4}.Debug|Any CPU.ActiveCfg = Debug|Any CPU
		{82D6631D-A5D1-4AA6-B326-13376B6CB7D4}.Debug|Any CPU.Build.0 = Debug|Any CPU
		{82D6631D-A5D1-4AA6-B326-13376B6CB7D4}.Release|Any CPU.ActiveCfg = Release|Any CPU
		{82D6631D-A5D1-4AA6-B326-13376B6CB7D4}.Release|Any CPU.Build.0 = Release|Any CPU
		{10029FBE-B53F-4E08-9C8B-0C15545A4DB9}.Debug|Any CPU.ActiveCfg = Debug|Any CPU
		{10029FBE-B53F-4E08-9C8B-0C15545A4DB9}.Debug|Any CPU.Build.0 = Debug|Any CPU
		{10029FBE-B53F-4E08-9C8B-0C15545A4DB9}.Release|Any CPU.ActiveCfg = Release|Any CPU
		{10029FBE-B53F-4E08-9C8B-0C15545A4DB9}.Release|Any CPU.Build.0 = Release|Any CPU
	EndGlobalSection
	GlobalSection(SolutionProperties) = preSolution
		HideSolutionNode = FALSE
	EndGlobalSection
	GlobalSection(NestedProjects) = preSolution
		{FC24BF68-B403-4943-A696-6BC74C4D696A} = {12598115-AC36-430B-98D7-3C27D29201D7}
		{5DE53692-4AE5-4DA5-B2ED-2FA9AEA06AA0} = {12598115-AC36-430B-98D7-3C27D29201D7}
		{82D6631D-A5D1-4AA6-B326-13376B6CB7D4} = {12598115-AC36-430B-98D7-3C27D29201D7}
		{10029FBE-B53F-4E08-9C8B-0C15545A4DB9} = {12598115-AC36-430B-98D7-3C27D29201D7}
	EndGlobalSection
	GlobalSection(ExtensibilityGlobals) = postSolution
		SolutionGuid = {932A1C6F-1A3C-4545-BB25-76B228D02D85}
	EndGlobalSection
EndGlobal
